// !$*UTF8*$!
{
	archiveVersion = 1;
	classes = {
	};
	objectVersion = 46;
	objects = {

/* Begin PBXBuildFile section */
		747F273AF959882C7B4C7D7E /* libPods.a in Frameworks */ = {isa = PBXBuildFile; fileRef = B7428FA0EF650175DEC9AEC6 /* libPods.a */; };
		950CFF8A1C2288BD001FAC4E /* CXTabBar.m in Sources */ = {isa = PBXBuildFile; fileRef = 950CFF891C2288BD001FAC4E /* CXTabBar.m */; };
		95226E761C213AF5006DC853 /* CXLoginViewController.m in Sources */ = {isa = PBXBuildFile; fileRef = 95226E751C213AF5006DC853 /* CXLoginViewController.m */; };
		95226E791C21514D006DC853 /* CXProgressHUD.m in Sources */ = {isa = PBXBuildFile; fileRef = 95226E781C21514D006DC853 /* CXProgressHUD.m */; };
		95226E7C1C2157A1006DC853 /* CXNetManager.m in Sources */ = {isa = PBXBuildFile; fileRef = 95226E7B1C2157A1006DC853 /* CXNetManager.m */; };
		95226E831C216B47006DC853 /* CXAccountTool.m in Sources */ = {isa = PBXBuildFile; fileRef = 95226E821C216B47006DC853 /* CXAccountTool.m */; };
		95226E861C216BF0006DC853 /* CXAccount.m in Sources */ = {isa = PBXBuildFile; fileRef = 95226E851C216BF0006DC853 /* CXAccount.m */; };
		9537A6701C1FEA8F006EEF33 /* main.m in Sources */ = {isa = PBXBuildFile; fileRef = 9537A66F1C1FEA8F006EEF33 /* main.m */; };
		9537A6731C1FEA8F006EEF33 /* AppDelegate.m in Sources */ = {isa = PBXBuildFile; fileRef = 9537A6721C1FEA8F006EEF33 /* AppDelegate.m */; };
		9537A67B1C1FEA8F006EEF33 /* Assets.xcassets in Resources */ = {isa = PBXBuildFile; fileRef = 9537A67A1C1FEA8F006EEF33 /* Assets.xcassets */; };
		9537A67E1C1FEA8F006EEF33 /* LaunchScreen.storyboard in Resources */ = {isa = PBXBuildFile; fileRef = 9537A67C1C1FEA8F006EEF33 /* LaunchScreen.storyboard */; };
		9537A6891C1FEA8F006EEF33 /* CXWeiboTests.m in Sources */ = {isa = PBXBuildFile; fileRef = 9537A6881C1FEA8F006EEF33 /* CXWeiboTests.m */; };
		9537A6941C1FEA8F006EEF33 /* CXWeiboUITests.m in Sources */ = {isa = PBXBuildFile; fileRef = 9537A6931C1FEA8F006EEF33 /* CXWeiboUITests.m */; };
		953F21F11C3267C000D50649 /* CXBaseGradientView.m in Sources */ = {isa = PBXBuildFile; fileRef = 953F21F01C3267C000D50649 /* CXBaseGradientView.m */; };
		955374EE1C2006E2004C933D /* CXTabBarViewController.m in Sources */ = {isa = PBXBuildFile; fileRef = 955374ED1C2006E2004C933D /* CXTabBarViewController.m */; };
		955374FE1C203C21004C933D /* CXNavigationController.m in Sources */ = {isa = PBXBuildFile; fileRef = 955374FD1C203C21004C933D /* CXNavigationController.m */; };
		955375011C2047DB004C933D /* CXBaseViewController.m in Sources */ = {isa = PBXBuildFile; fileRef = 955375001C2047DB004C933D /* CXBaseViewController.m */; };
		955375041C204821004C933D /* CXHomeViewController.m in Sources */ = {isa = PBXBuildFile; fileRef = 955375031C204821004C933D /* CXHomeViewController.m */; };
		955375071C204841004C933D /* CXMessageViewController.m in Sources */ = {isa = PBXBuildFile; fileRef = 955375061C204841004C933D /* CXMessageViewController.m */; };
		9553750A1C20488B004C933D /* CXPersonalViewController.m in Sources */ = {isa = PBXBuildFile; fileRef = 955375091C20488B004C933D /* CXPersonalViewController.m */; };
		9553750D1C2048B9004C933D /* CXSearchViewController.m in Sources */ = {isa = PBXBuildFile; fileRef = 9553750C1C2048B9004C933D /* CXSearchViewController.m */; };
		955375111C205215004C933D /* CXOauthController.m in Sources */ = {isa = PBXBuildFile; fileRef = 955375101C205215004C933D /* CXOauthController.m */; };
		955396F61C337D9700CA2014 /* CXStatusTools.m in Sources */ = {isa = PBXBuildFile; fileRef = 955396F51C337D9700CA2014 /* CXStatusTools.m */; };
		955396FA1C337E0300CA2014 /* CXUserManager.m in Sources */ = {isa = PBXBuildFile; fileRef = 955396F91C337E0300CA2014 /* CXUserManager.m */; };
		955396FD1C338B8A00CA2014 /* CXStatus.m in Sources */ = {isa = PBXBuildFile; fileRef = 955396FC1C338B8A00CA2014 /* CXStatus.m */; };
		959712361C20FFF5000AF631 /* UIView+Extension.m in Sources */ = {isa = PBXBuildFile; fileRef = 959712351C20FFF5000AF631 /* UIView+Extension.m */; };
/* End PBXBuildFile section */

/* Begin PBXContainerItemProxy section */
		9537A6851C1FEA8F006EEF33 /* PBXContainerItemProxy */ = {
			isa = PBXContainerItemProxy;
			containerPortal = 9537A6631C1FEA8F006EEF33 /* Project object */;
			proxyType = 1;
			remoteGlobalIDString = 9537A66A1C1FEA8F006EEF33;
			remoteInfo = CXWeibo;
		};
		9537A6901C1FEA8F006EEF33 /* PBXContainerItemProxy */ = {
			isa = PBXContainerItemProxy;
			containerPortal = 9537A6631C1FEA8F006EEF33 /* Project object */;
			proxyType = 1;
			remoteGlobalIDString = 9537A66A1C1FEA8F006EEF33;
			remoteInfo = CXWeibo;
		};
/* End PBXContainerItemProxy section */

/* Begin PBXFileReference section */
		5685E7CA60E237B822641285 /* Pods.release.xcconfig */ = {isa = PBXFileReference; includeInIndex = 1; lastKnownFileType = text.xcconfig; name = Pods.release.xcconfig; path = "Pods/Target Support Files/Pods/Pods.release.xcconfig"; sourceTree = "<group>"; };
		66EC25EE28688D690C05EA31 /* Pods.debug.xcconfig */ = {isa = PBXFileReference; includeInIndex = 1; lastKnownFileType = text.xcconfig; name = Pods.debug.xcconfig; path = "Pods/Target Support Files/Pods/Pods.debug.xcconfig"; sourceTree = "<group>"; };
		950CFF881C2288BD001FAC4E /* CXTabBar.h */ = {isa = PBXFileReference; fileEncoding = 4; lastKnownFileType = sourcecode.c.h; path = CXTabBar.h; sourceTree = "<group>"; };
		950CFF891C2288BD001FAC4E /* CXTabBar.m */ = {isa = PBXFileReference; fileEncoding = 4; lastKnownFileType = sourcecode.c.objc; path = CXTabBar.m; sourceTree = "<group>"; };
		95226E741C213AF5006DC853 /* CXLoginViewController.h */ = {isa = PBXFileReference; fileEncoding = 4; lastKnownFileType = sourcecode.c.h; name = CXLoginViewController.h; path = ../CXLoginViewController.h; sourceTree = "<group>"; };
		95226E751C213AF5006DC853 /* CXLoginViewController.m */ = {isa = PBXFileReference; fileEncoding = 4; lastKnownFileType = sourcecode.c.objc; name = CXLoginViewController.m; path = ../CXLoginViewController.m; sourceTree = "<group>"; };
		95226E771C21514D006DC853 /* CXProgressHUD.h */ = {isa = PBXFileReference; fileEncoding = 4; lastKnownFileType = sourcecode.c.h; path = CXProgressHUD.h; sourceTree = "<group>"; };
		95226E781C21514D006DC853 /* CXProgressHUD.m */ = {isa = PBXFileReference; fileEncoding = 4; lastKnownFileType = sourcecode.c.objc; path = CXProgressHUD.m; sourceTree = "<group>"; };
		95226E7A1C2157A1006DC853 /* CXNetManager.h */ = {isa = PBXFileReference; fileEncoding = 4; lastKnownFileType = sourcecode.c.h; path = CXNetManager.h; sourceTree = "<group>"; };
		95226E7B1C2157A1006DC853 /* CXNetManager.m */ = {isa = PBXFileReference; fileEncoding = 4; lastKnownFileType = sourcecode.c.objc; path = CXNetManager.m; sourceTree = "<group>"; };
		95226E811C216B47006DC853 /* CXAccountTool.h */ = {isa = PBXFileReference; fileEncoding = 4; lastKnownFileType = sourcecode.c.h; name = CXAccountTool.h; path = ../Models/CXAccountTool.h; sourceTree = "<group>"; };
		95226E821C216B47006DC853 /* CXAccountTool.m */ = {isa = PBXFileReference; fileEncoding = 4; lastKnownFileType = sourcecode.c.objc; name = CXAccountTool.m; path = ../Models/CXAccountTool.m; sourceTree = "<group>"; };
		95226E841C216BF0006DC853 /* CXAccount.h */ = {isa = PBXFileReference; fileEncoding = 4; lastKnownFileType = sourcecode.c.h; path = CXAccount.h; sourceTree = "<group>"; };
		95226E851C216BF0006DC853 /* CXAccount.m */ = {isa = PBXFileReference; fileEncoding = 4; lastKnownFileType = sourcecode.c.objc; path = CXAccount.m; sourceTree = "<group>"; };
		9537A66B1C1FEA8F006EEF33 /* CXWeibo.app */ = {isa = PBXFileReference; explicitFileType = wrapper.application; includeInIndex = 0; path = CXWeibo.app; sourceTree = BUILT_PRODUCTS_DIR; };
		9537A66F1C1FEA8F006EEF33 /* main.m */ = {isa = PBXFileReference; lastKnownFileType = sourcecode.c.objc; path = main.m; sourceTree = "<group>"; };
		9537A6711C1FEA8F006EEF33 /* AppDelegate.h */ = {isa = PBXFileReference; lastKnownFileType = sourcecode.c.h; path = AppDelegate.h; sourceTree = "<group>"; };
		9537A6721C1FEA8F006EEF33 /* AppDelegate.m */ = {isa = PBXFileReference; lastKnownFileType = sourcecode.c.objc; path = AppDelegate.m; sourceTree = "<group>"; };
		9537A67A1C1FEA8F006EEF33 /* Assets.xcassets */ = {isa = PBXFileReference; lastKnownFileType = folder.assetcatalog; path = Assets.xcassets; sourceTree = "<group>"; };
		9537A67D1C1FEA8F006EEF33 /* Base */ = {isa = PBXFileReference; lastKnownFileType = file.storyboard; name = Base; path = Base.lproj/LaunchScreen.storyboard; sourceTree = "<group>"; };
		9537A67F1C1FEA8F006EEF33 /* Info.plist */ = {isa = PBXFileReference; lastKnownFileType = text.plist.xml; path = Info.plist; sourceTree = "<group>"; };
		9537A6841C1FEA8F006EEF33 /* CXWeiboTests.xctest */ = {isa = PBXFileReference; explicitFileType = wrapper.cfbundle; includeInIndex = 0; path = CXWeiboTests.xctest; sourceTree = BUILT_PRODUCTS_DIR; };
		9537A6881C1FEA8F006EEF33 /* CXWeiboTests.m */ = {isa = PBXFileReference; lastKnownFileType = sourcecode.c.objc; path = CXWeiboTests.m; sourceTree = "<group>"; };
		9537A68A1C1FEA8F006EEF33 /* Info.plist */ = {isa = PBXFileReference; lastKnownFileType = text.plist.xml; path = Info.plist; sourceTree = "<group>"; };
		9537A68F1C1FEA8F006EEF33 /* CXWeiboUITests.xctest */ = {isa = PBXFileReference; explicitFileType = wrapper.cfbundle; includeInIndex = 0; path = CXWeiboUITests.xctest; sourceTree = BUILT_PRODUCTS_DIR; };
		9537A6931C1FEA8F006EEF33 /* CXWeiboUITests.m */ = {isa = PBXFileReference; lastKnownFileType = sourcecode.c.objc; path = CXWeiboUITests.m; sourceTree = "<group>"; };
		9537A6951C1FEA8F006EEF33 /* Info.plist */ = {isa = PBXFileReference; lastKnownFileType = text.plist.xml; path = Info.plist; sourceTree = "<group>"; };
		953F21EF1C3267C000D50649 /* CXBaseGradientView.h */ = {isa = PBXFileReference; fileEncoding = 4; lastKnownFileType = sourcecode.c.h; path = CXBaseGradientView.h; sourceTree = "<group>"; };
		953F21F01C3267C000D50649 /* CXBaseGradientView.m */ = {isa = PBXFileReference; fileEncoding = 4; lastKnownFileType = sourcecode.c.objc; path = CXBaseGradientView.m; sourceTree = "<group>"; };
		955374EC1C2006E2004C933D /* CXTabBarViewController.h */ = {isa = PBXFileReference; fileEncoding = 4; lastKnownFileType = sourcecode.c.h; name = CXTabBarViewController.h; path = ../../CXTabBarViewController.h; sourceTree = "<group>"; };
		955374ED1C2006E2004C933D /* CXTabBarViewController.m */ = {isa = PBXFileReference; fileEncoding = 4; lastKnownFileType = sourcecode.c.objc; name = CXTabBarViewController.m; path = ../../CXTabBarViewController.m; sourceTree = "<group>"; };
		955374EF1C200B39004C933D /* CXWeibo-Prefix.pch */ = {isa = PBXFileReference; lastKnownFileType = sourcecode.c.h; path = "CXWeibo-Prefix.pch"; sourceTree = "<group>"; };
		955374FC1C203C21004C933D /* CXNavigationController.h */ = {isa = PBXFileReference; fileEncoding = 4; lastKnownFileType = sourcecode.c.h; path = CXNavigationController.h; sourceTree = "<group>"; };
		955374FD1C203C21004C933D /* CXNavigationController.m */ = {isa = PBXFileReference; fileEncoding = 4; lastKnownFileType = sourcecode.c.objc; path = CXNavigationController.m; sourceTree = "<group>"; };
		955374FF1C2047DB004C933D /* CXBaseViewController.h */ = {isa = PBXFileReference; fileEncoding = 4; lastKnownFileType = sourcecode.c.h; path = CXBaseViewController.h; sourceTree = "<group>"; };
		955375001C2047DB004C933D /* CXBaseViewController.m */ = {isa = PBXFileReference; fileEncoding = 4; lastKnownFileType = sourcecode.c.objc; path = CXBaseViewController.m; sourceTree = "<group>"; };
		955375021C204821004C933D /* CXHomeViewController.h */ = {isa = PBXFileReference; fileEncoding = 4; lastKnownFileType = sourcecode.c.h; path = CXHomeViewController.h; sourceTree = "<group>"; };
		955375031C204821004C933D /* CXHomeViewController.m */ = {isa = PBXFileReference; fileEncoding = 4; lastKnownFileType = sourcecode.c.objc; path = CXHomeViewController.m; sourceTree = "<group>"; };
		955375051C204841004C933D /* CXMessageViewController.h */ = {isa = PBXFileReference; fileEncoding = 4; lastKnownFileType = sourcecode.c.h; path = CXMessageViewController.h; sourceTree = "<group>"; };
		955375061C204841004C933D /* CXMessageViewController.m */ = {isa = PBXFileReference; fileEncoding = 4; lastKnownFileType = sourcecode.c.objc; path = CXMessageViewController.m; sourceTree = "<group>"; };
		955375081C20488B004C933D /* CXPersonalViewController.h */ = {isa = PBXFileReference; fileEncoding = 4; lastKnownFileType = sourcecode.c.h; path = CXPersonalViewController.h; sourceTree = "<group>"; };
		955375091C20488B004C933D /* CXPersonalViewController.m */ = {isa = PBXFileReference; fileEncoding = 4; lastKnownFileType = sourcecode.c.objc; path = CXPersonalViewController.m; sourceTree = "<group>"; };
		9553750B1C2048B9004C933D /* CXSearchViewController.h */ = {isa = PBXFileReference; fileEncoding = 4; lastKnownFileType = sourcecode.c.h; path = CXSearchViewController.h; sourceTree = "<group>"; };
		9553750C1C2048B9004C933D /* CXSearchViewController.m */ = {isa = PBXFileReference; fileEncoding = 4; lastKnownFileType = sourcecode.c.objc; path = CXSearchViewController.m; sourceTree = "<group>"; };
		9553750F1C205215004C933D /* CXOauthController.h */ = {isa = PBXFileReference; fileEncoding = 4; lastKnownFileType = sourcecode.c.h; name = CXOauthController.h; path = ../CXOauthController.h; sourceTree = "<group>"; };
		955375101C205215004C933D /* CXOauthController.m */ = {isa = PBXFileReference; fileEncoding = 4; lastKnownFileType = sourcecode.c.objc; name = CXOauthController.m; path = ../CXOauthController.m; sourceTree = "<group>"; };
		955396F41C337D9700CA2014 /* CXStatusTools.h */ = {isa = PBXFileReference; fileEncoding = 4; lastKnownFileType = sourcecode.c.h; path = CXStatusTools.h; sourceTree = "<group>"; };
		955396F51C337D9700CA2014 /* CXStatusTools.m */ = {isa = PBXFileReference; fileEncoding = 4; lastKnownFileType = sourcecode.c.objc; path = CXStatusTools.m; sourceTree = "<group>"; };
		955396F81C337E0300CA2014 /* CXUserManager.h */ = {isa = PBXFileReference; fileEncoding = 4; lastKnownFileType = sourcecode.c.h; path = CXUserManager.h; sourceTree = "<group>"; };
		955396F91C337E0300CA2014 /* CXUserManager.m */ = {isa = PBXFileReference; fileEncoding = 4; lastKnownFileType = sourcecode.c.objc; path = CXUserManager.m; sourceTree = "<group>"; };
		955396FB1C338B8A00CA2014 /* CXStatus.h */ = {isa = PBXFileReference; fileEncoding = 4; lastKnownFileType = sourcecode.c.h; path = CXStatus.h; sourceTree = "<group>"; };
		955396FC1C338B8A00CA2014 /* CXStatus.m */ = {isa = PBXFileReference; fileEncoding = 4; lastKnownFileType = sourcecode.c.objc; path = CXStatus.m; sourceTree = "<group>"; };
		959712341C20FFF5000AF631 /* UIView+Extension.h */ = {isa = PBXFileReference; fileEncoding = 4; lastKnownFileType = sourcecode.c.h; path = "UIView+Extension.h"; sourceTree = "<group>"; };
		959712351C20FFF5000AF631 /* UIView+Extension.m */ = {isa = PBXFileReference; fileEncoding = 4; lastKnownFileType = sourcecode.c.objc; path = "UIView+Extension.m"; sourceTree = "<group>"; };
		B7428FA0EF650175DEC9AEC6 /* libPods.a */ = {isa = PBXFileReference; explicitFileType = archive.ar; includeInIndex = 0; path = libPods.a; sourceTree = BUILT_PRODUCTS_DIR; };
/* End PBXFileReference section */

/* Begin PBXFrameworksBuildPhase section */
		9537A6681C1FEA8F006EEF33 /* Frameworks */ = {
			isa = PBXFrameworksBuildPhase;
			buildActionMask = 2147483647;
			files = (
				747F273AF959882C7B4C7D7E /* libPods.a in Frameworks */,
			);
			runOnlyForDeploymentPostprocessing = 0;
		};
		9537A6811C1FEA8F006EEF33 /* Frameworks */ = {
			isa = PBXFrameworksBuildPhase;
			buildActionMask = 2147483647;
			files = (
			);
			runOnlyForDeploymentPostprocessing = 0;
		};
		9537A68C1C1FEA8F006EEF33 /* Frameworks */ = {
			isa = PBXFrameworksBuildPhase;
			buildActionMask = 2147483647;
			files = (
			);
			runOnlyForDeploymentPostprocessing = 0;
		};
/* End PBXFrameworksBuildPhase section */

/* Begin PBXGroup section */
		465D90F750636B029A32D7B3 /* Frameworks */ = {
			isa = PBXGroup;
			children = (
				B7428FA0EF650175DEC9AEC6 /* libPods.a */,
			);
			name = Frameworks;
			sourceTree = "<group>";
		};
		8269243728A30A864C82DC31 /* Pods */ = {
			isa = PBXGroup;
			children = (
				66EC25EE28688D690C05EA31 /* Pods.debug.xcconfig */,
				5685E7CA60E237B822641285 /* Pods.release.xcconfig */,
			);
			name = Pods;
			sourceTree = "<group>";
		};
		95226E7D1C2169E0006DC853 /* Controllers */ = {
			isa = PBXGroup;
			children = (
				9553750F1C205215004C933D /* CXOauthController.h */,
				955375101C205215004C933D /* CXOauthController.m */,
				95226E741C213AF5006DC853 /* CXLoginViewController.h */,
				95226E751C213AF5006DC853 /* CXLoginViewController.m */,
			);
			path = Controllers;
			sourceTree = "<group>";
		};
		95226E7E1C2169E0006DC853 /* Models */ = {
			isa = PBXGroup;
			children = (
				95226E841C216BF0006DC853 /* CXAccount.h */,
				95226E851C216BF0006DC853 /* CXAccount.m */,
			);
			path = Models;
			sourceTree = "<group>";
		};
		95226E7F1C2169E0006DC853 /* Tools */ = {
			isa = PBXGroup;
			children = (
				95226E811C216B47006DC853 /* CXAccountTool.h */,
				95226E821C216B47006DC853 /* CXAccountTool.m */,
			);
			path = Tools;
			sourceTree = "<group>";
		};
		95226E801C216A01006DC853 /* Views */ = {
			isa = PBXGroup;
			children = (
			);
			path = Views;
			sourceTree = "<group>";
		};
		9537A6621C1FEA8F006EEF33 = {
			isa = PBXGroup;
			children = (
				9537A66D1C1FEA8F006EEF33 /* CXWeibo */,
				9537A6871C1FEA8F006EEF33 /* CXWeiboTests */,
				9537A6921C1FEA8F006EEF33 /* CXWeiboUITests */,
				9537A66C1C1FEA8F006EEF33 /* Products */,
				8269243728A30A864C82DC31 /* Pods */,
				465D90F750636B029A32D7B3 /* Frameworks */,
			);
			sourceTree = "<group>";
		};
		9537A66C1C1FEA8F006EEF33 /* Products */ = {
			isa = PBXGroup;
			children = (
				9537A66B1C1FEA8F006EEF33 /* CXWeibo.app */,
				9537A6841C1FEA8F006EEF33 /* CXWeiboTests.xctest */,
				9537A68F1C1FEA8F006EEF33 /* CXWeiboUITests.xctest */,
			);
			name = Products;
			sourceTree = "<group>";
		};
		9537A66D1C1FEA8F006EEF33 /* CXWeibo */ = {
			isa = PBXGroup;
			children = (
				955374F51C20178B004C933D /* Controllers */,
				955374F01C2013F7004C933D /* CXKit */,
				9537A6711C1FEA8F006EEF33 /* AppDelegate.h */,
				9537A6721C1FEA8F006EEF33 /* AppDelegate.m */,
				9537A67A1C1FEA8F006EEF33 /* Assets.xcassets */,
				9537A67C1C1FEA8F006EEF33 /* LaunchScreen.storyboard */,
				9537A66E1C1FEA8F006EEF33 /* Supporting Files */,
			);
			path = CXWeibo;
			sourceTree = "<group>";
		};
		9537A66E1C1FEA8F006EEF33 /* Supporting Files */ = {
			isa = PBXGroup;
			children = (
				9537A67F1C1FEA8F006EEF33 /* Info.plist */,
				9537A66F1C1FEA8F006EEF33 /* main.m */,
				955374EF1C200B39004C933D /* CXWeibo-Prefix.pch */,
			);
			name = "Supporting Files";
			sourceTree = "<group>";
		};
		9537A6871C1FEA8F006EEF33 /* CXWeiboTests */ = {
			isa = PBXGroup;
			children = (
				9537A6881C1FEA8F006EEF33 /* CXWeiboTests.m */,
				9537A68A1C1FEA8F006EEF33 /* Info.plist */,
			);
			path = CXWeiboTests;
			sourceTree = "<group>";
		};
		9537A6921C1FEA8F006EEF33 /* CXWeiboUITests */ = {
			isa = PBXGroup;
			children = (
				9537A6931C1FEA8F006EEF33 /* CXWeiboUITests.m */,
				9537A6951C1FEA8F006EEF33 /* Info.plist */,
			);
			path = CXWeiboUITests;
			sourceTree = "<group>";
		};
		955374F01C2013F7004C933D /* CXKit */ = {
			isa = PBXGroup;
			children = (
				955374F11C2013F7004C933D /* Component */,
				955374F21C2013F7004C933D /* Controllers */,
				955374F31C2013F7004C933D /* Networking */,
				955374F41C2013F7004C933D /* Views */,
			);
			path = CXKit;
			sourceTree = "<group>";
		};
		955374F11C2013F7004C933D /* Component */ = {
			isa = PBXGroup;
			children = (
				95226E771C21514D006DC853 /* CXProgressHUD.h */,
				95226E781C21514D006DC853 /* CXProgressHUD.m */,
				95226E7A1C2157A1006DC853 /* CXNetManager.h */,
				95226E7B1C2157A1006DC853 /* CXNetManager.m */,
			);
			path = Component;
			sourceTree = "<group>";
		};
		955374F21C2013F7004C933D /* Controllers */ = {
			isa = PBXGroup;
			children = (
				955374EC1C2006E2004C933D /* CXTabBarViewController.h */,
				955374ED1C2006E2004C933D /* CXTabBarViewController.m */,
				955374FC1C203C21004C933D /* CXNavigationController.h */,
				955374FD1C203C21004C933D /* CXNavigationController.m */,
				955374FF1C2047DB004C933D /* CXBaseViewController.h */,
				955375001C2047DB004C933D /* CXBaseViewController.m */,
			);
			path = Controllers;
			sourceTree = "<group>";
		};
		955374F31C2013F7004C933D /* Networking */ = {
			isa = PBXGroup;
			children = (
			);
			path = Networking;
			sourceTree = "<group>";
		};
		955374F41C2013F7004C933D /* Views */ = {
			isa = PBXGroup;
			children = (
				953F21EF1C3267C000D50649 /* CXBaseGradientView.h */,
				953F21F01C3267C000D50649 /* CXBaseGradientView.m */,
				959712341C20FFF5000AF631 /* UIView+Extension.h */,
				959712351C20FFF5000AF631 /* UIView+Extension.m */,
				950CFF881C2288BD001FAC4E /* CXTabBar.h */,
				950CFF891C2288BD001FAC4E /* CXTabBar.m */,
			);
			path = Views;
			sourceTree = "<group>";
		};
		955374F51C20178B004C933D /* Controllers */ = {
			isa = PBXGroup;
			children = (
				9553750E1C2051CE004C933D /* Oauth */,
				955374F61C20178B004C933D /* Home */,
				955374F71C20178B004C933D /* Message */,
				955374F91C20178B004C933D /* Personal */,
				955374FA1C20178B004C933D /* Search */,
			);
			path = Controllers;
			sourceTree = "<group>";
		};
		955374F61C20178B004C933D /* Home */ = {
			isa = PBXGroup;
			children = (
				955396F71C337DD500CA2014 /* Models */,
				955396F31C337D7F00CA2014 /* Tools */,
				955375021C204821004C933D /* CXHomeViewController.h */,
				955375031C204821004C933D /* CXHomeViewController.m */,
			);
			path = Home;
			sourceTree = "<group>";
		};
		955374F71C20178B004C933D /* Message */ = {
			isa = PBXGroup;
			children = (
				955375051C204841004C933D /* CXMessageViewController.h */,
				955375061C204841004C933D /* CXMessageViewController.m */,
			);
			path = Message;
			sourceTree = "<group>";
		};
		955374F91C20178B004C933D /* Personal */ = {
			isa = PBXGroup;
			children = (
				955375081C20488B004C933D /* CXPersonalViewController.h */,
				955375091C20488B004C933D /* CXPersonalViewController.m */,
			);
			path = Personal;
			sourceTree = "<group>";
		};
		955374FA1C20178B004C933D /* Search */ = {
			isa = PBXGroup;
			children = (
				9553750B1C2048B9004C933D /* CXSearchViewController.h */,
				9553750C1C2048B9004C933D /* CXSearchViewController.m */,
			);
			path = Search;
			sourceTree = "<group>";
		};
		9553750E1C2051CE004C933D /* Oauth */ = {
			isa = PBXGroup;
			children = (
				95226E801C216A01006DC853 /* Views */,
				95226E7D1C2169E0006DC853 /* Controllers */,
				95226E7E1C2169E0006DC853 /* Models */,
				95226E7F1C2169E0006DC853 /* Tools */,
			);
			path = Oauth;
			sourceTree = "<group>";
		};
		955396F31C337D7F00CA2014 /* Tools */ = {
			isa = PBXGroup;
			children = (
				955396F41C337D9700CA2014 /* CXStatusTools.h */,
				955396F51C337D9700CA2014 /* CXStatusTools.m */,
			);
			name = Tools;
			sourceTree = "<group>";
		};
		955396F71C337DD500CA2014 /* Models */ = {
			isa = PBXGroup;
			children = (
				955396F81C337E0300CA2014 /* CXUserManager.h */,
				955396F91C337E0300CA2014 /* CXUserManager.m */,
				955396FB1C338B8A00CA2014 /* CXStatus.h */,
				955396FC1C338B8A00CA2014 /* CXStatus.m */,
			);
			name = Models;
			sourceTree = "<group>";
		};
/* End PBXGroup section */

/* Begin PBXNativeTarget section */
		9537A66A1C1FEA8F006EEF33 /* CXWeibo */ = {
			isa = PBXNativeTarget;
			buildConfigurationList = 9537A6981C1FEA8F006EEF33 /* Build configuration list for PBXNativeTarget "CXWeibo" */;
			buildPhases = (
				1C776E00FD2F2CEE71B32DF7 /* Check Pods Manifest.lock */,
				9537A6671C1FEA8F006EEF33 /* Sources */,
				9537A6681C1FEA8F006EEF33 /* Frameworks */,
				9537A6691C1FEA8F006EEF33 /* Resources */,
				33ED66397FF66ED8504FC4A7 /* Embed Pods Frameworks */,
				0E9381DF93913C357F030262 /* Copy Pods Resources */,
			);
			buildRules = (
			);
			dependencies = (
			);
			name = CXWeibo;
			productName = CXWeibo;
			productReference = 9537A66B1C1FEA8F006EEF33 /* CXWeibo.app */;
			productType = "com.apple.product-type.application";
		};
		9537A6831C1FEA8F006EEF33 /* CXWeiboTests */ = {
			isa = PBXNativeTarget;
			buildConfigurationList = 9537A69B1C1FEA8F006EEF33 /* Build configuration list for PBXNativeTarget "CXWeiboTests" */;
			buildPhases = (
				9537A6801C1FEA8F006EEF33 /* Sources */,
				9537A6811C1FEA8F006EEF33 /* Frameworks */,
				9537A6821C1FEA8F006EEF33 /* Resources */,
			);
			buildRules = (
			);
			dependencies = (
				9537A6861C1FEA8F006EEF33 /* PBXTargetDependency */,
			);
			name = CXWeiboTests;
			productName = CXWeiboTests;
			productReference = 9537A6841C1FEA8F006EEF33 /* CXWeiboTests.xctest */;
			productType = "com.apple.product-type.bundle.unit-test";
		};
		9537A68E1C1FEA8F006EEF33 /* CXWeiboUITests */ = {
			isa = PBXNativeTarget;
			buildConfigurationList = 9537A69E1C1FEA8F006EEF33 /* Build configuration list for PBXNativeTarget "CXWeiboUITests" */;
			buildPhases = (
				9537A68B1C1FEA8F006EEF33 /* Sources */,
				9537A68C1C1FEA8F006EEF33 /* Frameworks */,
				9537A68D1C1FEA8F006EEF33 /* Resources */,
			);
			buildRules = (
			);
			dependencies = (
				9537A6911C1FEA8F006EEF33 /* PBXTargetDependency */,
			);
			name = CXWeiboUITests;
			productName = CXWeiboUITests;
			productReference = 9537A68F1C1FEA8F006EEF33 /* CXWeiboUITests.xctest */;
			productType = "com.apple.product-type.bundle.ui-testing";
		};
/* End PBXNativeTarget section */

/* Begin PBXProject section */
		9537A6631C1FEA8F006EEF33 /* Project object */ = {
			isa = PBXProject;
			attributes = {
				CLASSPREFIX = CX;
				LastUpgradeCheck = 0720;
				ORGANIZATIONNAME = chenqingxiao007;
				TargetAttributes = {
					9537A66A1C1FEA8F006EEF33 = {
						CreatedOnToolsVersion = 7.2;
					};
					9537A6831C1FEA8F006EEF33 = {
						CreatedOnToolsVersion = 7.2;
						TestTargetID = 9537A66A1C1FEA8F006EEF33;
					};
					9537A68E1C1FEA8F006EEF33 = {
						CreatedOnToolsVersion = 7.2;
						TestTargetID = 9537A66A1C1FEA8F006EEF33;
					};
				};
			};
			buildConfigurationList = 9537A6661C1FEA8F006EEF33 /* Build configuration list for PBXProject "CXWeibo" */;
			compatibilityVersion = "Xcode 3.2";
			developmentRegion = English;
			hasScannedForEncodings = 0;
			knownRegions = (
				en,
				Base,
			);
			mainGroup = 9537A6621C1FEA8F006EEF33;
			productRefGroup = 9537A66C1C1FEA8F006EEF33 /* Products */;
			projectDirPath = "";
			projectRoot = "";
			targets = (
				9537A66A1C1FEA8F006EEF33 /* CXWeibo */,
				9537A6831C1FEA8F006EEF33 /* CXWeiboTests */,
				9537A68E1C1FEA8F006EEF33 /* CXWeiboUITests */,
			);
		};
/* End PBXProject section */

/* Begin PBXResourcesBuildPhase section */
		9537A6691C1FEA8F006EEF33 /* Resources */ = {
			isa = PBXResourcesBuildPhase;
			buildActionMask = 2147483647;
			files = (
				9537A67E1C1FEA8F006EEF33 /* LaunchScreen.storyboard in Resources */,
				9537A67B1C1FEA8F006EEF33 /* Assets.xcassets in Resources */,
			);
			runOnlyForDeploymentPostprocessing = 0;
		};
		9537A6821C1FEA8F006EEF33 /* Resources */ = {
			isa = PBXResourcesBuildPhase;
			buildActionMask = 2147483647;
			files = (
			);
			runOnlyForDeploymentPostprocessing = 0;
		};
		9537A68D1C1FEA8F006EEF33 /* Resources */ = {
			isa = PBXResourcesBuildPhase;
			buildActionMask = 2147483647;
			files = (
			);
			runOnlyForDeploymentPostprocessing = 0;
		};
/* End PBXResourcesBuildPhase section */

/* Begin PBXShellScriptBuildPhase section */
		0E9381DF93913C357F030262 /* Copy Pods Resources */ = {
			isa = PBXShellScriptBuildPhase;
			buildActionMask = 2147483647;
			files = (
			);
			inputPaths = (
			);
			name = "Copy Pods Resources";
			outputPaths = (
			);
			runOnlyForDeploymentPostprocessing = 0;
			shellPath = /bin/sh;
			shellScript = "\"${SRCROOT}/Pods/Target Support Files/Pods/Pods-resources.sh\"\n";
			showEnvVarsInLog = 0;
		};
		1C776E00FD2F2CEE71B32DF7 /* Check Pods Manifest.lock */ = {
			isa = PBXShellScriptBuildPhase;
			buildActionMask = 2147483647;
			files = (
			);
			inputPaths = (
			);
			name = "Check Pods Manifest.lock";
			outputPaths = (
			);
			runOnlyForDeploymentPostprocessing = 0;
			shellPath = /bin/sh;
			shellScript = "diff \"${PODS_ROOT}/../Podfile.lock\" \"${PODS_ROOT}/Manifest.lock\" > /dev/null\nif [[ $? != 0 ]] ; then\n    cat << EOM\nerror: The sandbox is not in sync with the Podfile.lock. Run 'pod install' or update your CocoaPods installation.\nEOM\n    exit 1\nfi\n";
			showEnvVarsInLog = 0;
		};
		33ED66397FF66ED8504FC4A7 /* Embed Pods Frameworks */ = {
			isa = PBXShellScriptBuildPhase;
			buildActionMask = 2147483647;
			files = (
			);
			inputPaths = (
			);
			name = "Embed Pods Frameworks";
			outputPaths = (
			);
			runOnlyForDeploymentPostprocessing = 0;
			shellPath = /bin/sh;
			shellScript = "\"${SRCROOT}/Pods/Target Support Files/Pods/Pods-frameworks.sh\"\n";
			showEnvVarsInLog = 0;
		};
/* End PBXShellScriptBuildPhase section */

/* Begin PBXSourcesBuildPhase section */
		9537A6671C1FEA8F006EEF33 /* Sources */ = {
			isa = PBXSourcesBuildPhase;
			buildActionMask = 2147483647;
			files = (
				955374EE1C2006E2004C933D /* CXTabBarViewController.m in Sources */,
				9537A6731C1FEA8F006EEF33 /* AppDelegate.m in Sources */,
				959712361C20FFF5000AF631 /* UIView+Extension.m in Sources */,
				955375111C205215004C933D /* CXOauthController.m in Sources */,
				953F21F11C3267C000D50649 /* CXBaseGradientView.m in Sources */,
				955374FE1C203C21004C933D /* CXNavigationController.m in Sources */,
				95226E761C213AF5006DC853 /* CXLoginViewController.m in Sources */,
				9553750A1C20488B004C933D /* CXPersonalViewController.m in Sources */,
				955375011C2047DB004C933D /* CXBaseViewController.m in Sources */,
				95226E831C216B47006DC853 /* CXAccountTool.m in Sources */,
				955375041C204821004C933D /* CXHomeViewController.m in Sources */,
				95226E791C21514D006DC853 /* CXProgressHUD.m in Sources */,
				955375071C204841004C933D /* CXMessageViewController.m in Sources */,
				950CFF8A1C2288BD001FAC4E /* CXTabBar.m in Sources */,
				9537A6701C1FEA8F006EEF33 /* main.m in Sources */,
				95226E7C1C2157A1006DC853 /* CXNetManager.m in Sources */,
				955396FD1C338B8A00CA2014 /* CXStatus.m in Sources */,
				95226E861C216BF0006DC853 /* CXAccount.m in Sources */,
				9553750D1C2048B9004C933D /* CXSearchViewController.m in Sources */,
				955396F61C337D9700CA2014 /* CXStatusTools.m in Sources */,
				955396FA1C337E0300CA2014 /* CXUserManager.m in Sources */,
			);
			runOnlyForDeploymentPostprocessing = 0;
		};
		9537A6801C1FEA8F006EEF33 /* Sources */ = {
			isa = PBXSourcesBuildPhase;
			buildActionMask = 2147483647;
			files = (
				9537A6891C1FEA8F006EEF33 /* CXWeiboTests.m in Sources */,
			);
			runOnlyForDeploymentPostprocessing = 0;
		};
		9537A68B1C1FEA8F006EEF33 /* Sources */ = {
			isa = PBXSourcesBuildPhase;
			buildActionMask = 2147483647;
			files = (
				9537A6941C1FEA8F006EEF33 /* CXWeiboUITests.m in Sources */,
			);
			runOnlyForDeploymentPostprocessing = 0;
		};
/* End PBXSourcesBuildPhase section */

/* Begin PBXTargetDependency section */
		9537A6861C1FEA8F006EEF33 /* PBXTargetDependency */ = {
			isa = PBXTargetDependency;
			target = 9537A66A1C1FEA8F006EEF33 /* CXWeibo */;
			targetProxy = 9537A6851C1FEA8F006EEF33 /* PBXContainerItemProxy */;
		};
		9537A6911C1FEA8F006EEF33 /* PBXTargetDependency */ = {
			isa = PBXTargetDependency;
			target = 9537A66A1C1FEA8F006EEF33 /* CXWeibo */;
			targetProxy = 9537A6901C1FEA8F006EEF33 /* PBXContainerItemProxy */;
		};
/* End PBXTargetDependency section */

/* Begin PBXVariantGroup section */
		9537A67C1C1FEA8F006EEF33 /* LaunchScreen.storyboard */ = {
			isa = PBXVariantGroup;
			children = (
				9537A67D1C1FEA8F006EEF33 /* Base */,
			);
			name = LaunchScreen.storyboard;
			sourceTree = "<group>";
		};
/* End PBXVariantGroup section */

/* Begin XCBuildConfiguration section */
		9537A6961C1FEA8F006EEF33 /* Debug */ = {
			isa = XCBuildConfiguration;
			buildSettings = {
				ALWAYS_SEARCH_USER_PATHS = NO;
				CLANG_CXX_LANGUAGE_STANDARD = "gnu++0x";
				CLANG_CXX_LIBRARY = "libc++";
				CLANG_ENABLE_MODULES = YES;
				CLANG_ENABLE_OBJC_ARC = YES;
				CLANG_WARN_BOOL_CONVERSION = YES;
				CLANG_WARN_CONSTANT_CONVERSION = YES;
				CLANG_WARN_DIRECT_OBJC_ISA_USAGE = YES_ERROR;
				CLANG_WARN_EMPTY_BODY = YES;
				CLANG_WARN_ENUM_CONVERSION = YES;
				CLANG_WARN_INT_CONVERSION = YES;
				CLANG_WARN_OBJC_ROOT_CLASS = YES_ERROR;
				CLANG_WARN_UNREACHABLE_CODE = YES;
				CLANG_WARN__DUPLICATE_METHOD_MATCH = YES;
				"CODE_SIGN_IDENTITY[sdk=iphoneos*]" = "iPhone Developer";
				COPY_PHASE_STRIP = NO;
				DEBUG_INFORMATION_FORMAT = dwarf;
				ENABLE_STRICT_OBJC_MSGSEND = YES;
				ENABLE_TESTABILITY = YES;
				GCC_C_LANGUAGE_STANDARD = gnu99;
				GCC_DYNAMIC_NO_PIC = NO;
				GCC_NO_COMMON_BLOCKS = YES;
				GCC_OPTIMIZATION_LEVEL = 0;
				GCC_PREPROCESSOR_DEFINITIONS = (
					"DEBUG=1",
					"$(inherited)",
				);
				GCC_WARN_64_TO_32_BIT_CONVERSION = YES;
				GCC_WARN_ABOUT_RETURN_TYPE = YES_ERROR;
				GCC_WARN_UNDECLARED_SELECTOR = YES;
				GCC_WARN_UNINITIALIZED_AUTOS = YES_AGGRESSIVE;
				GCC_WARN_UNUSED_FUNCTION = YES;
				GCC_WARN_UNUSED_VARIABLE = YES;
				IPHONEOS_DEPLOYMENT_TARGET = 9.2;
				MTL_ENABLE_DEBUG_INFO = YES;
				ONLY_ACTIVE_ARCH = YES;
				SDKROOT = iphoneos;
			};
			name = Debug;
		};
		9537A6971C1FEA8F006EEF33 /* Release */ = {
			isa = XCBuildConfiguration;
			buildSettings = {
				ALWAYS_SEARCH_USER_PATHS = NO;
				CLANG_CXX_LANGUAGE_STANDARD = "gnu++0x";
				CLANG_CXX_LIBRARY = "libc++";
				CLANG_ENABLE_MODULES = YES;
				CLANG_ENABLE_OBJC_ARC = YES;
				CLANG_WARN_BOOL_CONVERSION = YES;
				CLANG_WARN_CONSTANT_CONVERSION = YES;
				CLANG_WARN_DIRECT_OBJC_ISA_USAGE = YES_ERROR;
				CLANG_WARN_EMPTY_BODY = YES;
				CLANG_WARN_ENUM_CONVERSION = YES;
				CLANG_WARN_INT_CONVERSION = YES;
				CLANG_WARN_OBJC_ROOT_CLASS = YES_ERROR;
				CLANG_WARN_UNREACHABLE_CODE = YES;
				CLANG_WARN__DUPLICATE_METHOD_MATCH = YES;
				"CODE_SIGN_IDENTITY[sdk=iphoneos*]" = "iPhone Developer";
				COPY_PHASE_STRIP = NO;
				DEBUG_INFORMATION_FORMAT = "dwarf-with-dsym";
				ENABLE_NS_ASSERTIONS = NO;
				ENABLE_STRICT_OBJC_MSGSEND = YES;
				GCC_C_LANGUAGE_STANDARD = gnu99;
				GCC_NO_COMMON_BLOCKS = YES;
				GCC_WARN_64_TO_32_BIT_CONVERSION = YES;
				GCC_WARN_ABOUT_RETURN_TYPE = YES_ERROR;
				GCC_WARN_UNDECLARED_SELECTOR = YES;
				GCC_WARN_UNINITIALIZED_AUTOS = YES_AGGRESSIVE;
				GCC_WARN_UNUSED_FUNCTION = YES;
				GCC_WARN_UNUSED_VARIABLE = YES;
				IPHONEOS_DEPLOYMENT_TARGET = 9.2;
				MTL_ENABLE_DEBUG_INFO = NO;
				SDKROOT = iphoneos;
				VALIDATE_PRODUCT = YES;
			};
			name = Release;
		};
		9537A6991C1FEA8F006EEF33 /* Debug */ = {
			isa = XCBuildConfiguration;
			baseConfigurationReference = 66EC25EE28688D690C05EA31 /* Pods.debug.xcconfig */;
			buildSettings = {
				ASSETCATALOG_COMPILER_APPICON_NAME = AppIcon;
				GCC_PREFIX_HEADER = "CXWeibo/CXWeibo-Prefix.pch";
				INFOPLIST_FILE = CXWeibo/Info.plist;
				IPHONEOS_DEPLOYMENT_TARGET = 8.0;
				LD_RUNPATH_SEARCH_PATHS = "$(inherited) @executable_path/Frameworks";
				PRODUCT_BUNDLE_IDENTIFIER = "com.chenqingxiao007-CXWeibo";
				PRODUCT_NAME = "$(TARGET_NAME)";
			};
			name = Debug;
		};
		9537A69A1C1FEA8F006EEF33 /* Release */ = {
			isa = XCBuildConfiguration;
			baseConfigurationReference = 5685E7CA60E237B822641285 /* Pods.release.xcconfig */;
			buildSettings = {
				ASSETCATALOG_COMPILER_APPICON_NAME = AppIcon;
				GCC_PREFIX_HEADER = "CXWeibo/CXWeibo-Prefix.pch";
				INFOPLIST_FILE = CXWeibo/Info.plist;
				IPHONEOS_DEPLOYMENT_TARGET = 8.0;
				LD_RUNPATH_SEARCH_PATHS = "$(inherited) @executable_path/Frameworks";
				PRODUCT_BUNDLE_IDENTIFIER = "com.chenqingxiao007-CXWeibo";
				PRODUCT_NAME = "$(TARGET_NAME)";
			};
			name = Release;
		};
		9537A69C1C1FEA8F006EEF33 /* Debug */ = {
			isa = XCBuildConfiguration;
			buildSettings = {
				BUNDLE_LOADER = "$(TEST_HOST)";
				INFOPLIST_FILE = CXWeiboTests/Info.plist;
				LD_RUNPATH_SEARCH_PATHS = "$(inherited) @executable_path/Frameworks @loader_path/Frameworks";
				PRODUCT_BUNDLE_IDENTIFIER = com.chenqingxiao007.CXWeiboTests;
				PRODUCT_NAME = "$(TARGET_NAME)";
				TEST_HOST = "$(BUILT_PRODUCTS_DIR)/CXWeibo.app/CXWeibo";
			};
			name = Debug;
		};
		9537A69D1C1FEA8F006EEF33 /* Release */ = {
			isa = XCBuildConfiguration;
			buildSettings = {
				BUNDLE_LOADER = "$(TEST_HOST)";
				INFOPLIST_FILE = CXWeiboTests/Info.plist;
				LD_RUNPATH_SEARCH_PATHS = "$(inherited) @executable_path/Frameworks @loader_path/Frameworks";
				PRODUCT_BUNDLE_IDENTIFIER = com.chenqingxiao007.CXWeiboTests;
				PRODUCT_NAME = "$(TARGET_NAME)";
				TEST_HOST = "$(BUILT_PRODUCTS_DIR)/CXWeibo.app/CXWeibo";
			};
			name = Release;
		};
		9537A69F1C1FEA8F006EEF33 /* Debug */ = {
			isa = XCBuildConfiguration;
			buildSettings = {
				INFOPLIST_FILE = CXWeiboUITests/Info.plist;
				LD_RUNPATH_SEARCH_PATHS = "$(inherited) @executable_path/Frameworks @loader_path/Frameworks";
				PRODUCT_BUNDLE_IDENTIFIER = com.chenqingxiao007.CXWeiboUITests;
				PRODUCT_NAME = "$(TARGET_NAME)";
				TEST_TARGET_NAME = CXWeibo;
				USES_XCTRUNNER = YES;
			};
			name = Debug;
		};
		9537A6A01C1FEA8F006EEF33 /* Release */ = {
			isa = XCBuildConfiguration;
			buildSettings = {
				INFOPLIST_FILE = CXWeiboUITests/Info.plist;
				LD_RUNPATH_SEARCH_PATHS = "$(inherited) @executable_path/Frameworks @loader_path/Frameworks";
				PRODUCT_BUNDLE_IDENTIFIER = com.chenqingxiao007.CXWeiboUITests;
				PRODUCT_NAME = "$(TARGET_NAME)";
				TEST_TARGET_NAME = CXWeibo;
				USES_XCTRUNNER = YES;
			};
			name = Release;
		};
/* End XCBuildConfiguration section */

/* Begin XCConfigurationList section */
		9537A6661C1FEA8F006EEF33 /* Build configuration list for PBXProject "CXWeibo" */ = {
			isa = XCConfigurationList;
			buildConfigurations = (
				9537A6961C1FEA8F006EEF33 /* Debug */,
				9537A6971C1FEA8F006EEF33 /* Release */,
			);
			defaultConfigurationIsVisible = 0;
			defaultConfigurationName = Release;
		};
		9537A6981C1FEA8F006EEF33 /* Build configuration list for PBXNativeTarget "CXWeibo" */ = {
			isa = XCConfigurationList;
			buildConfigurations = (
				9537A6991C1FEA8F006EEF33 /* Debug */,
				9537A69A1C1FEA8F006EEF33 /* Release */,
			);
			defaultConfigurationIsVisible = 0;
			defaultConfigurationName = Release;
		};
		9537A69B1C1FEA8F006EEF33 /* Build configuration list for PBXNativeTarget "CXWeiboTests" */ = {
			isa = XCConfigurationList;
			buildConfigurations = (
				9537A69C1C1FEA8F006EEF33 /* Debug */,
				9537A69D1C1FEA8F006EEF33 /* Release */,
			);
			defaultConfigurationIsVisible = 0;
			defaultConfigurationName = Release;
		};
		9537A69E1C1FEA8F006EEF33 /* Build configuration list for PBXNativeTarget "CXWeiboUITests" */ = {
			isa = XCConfigurationList;
			buildConfigurations = (
				9537A69F1C1FEA8F006EEF33 /* Debug */,
				9537A6A01C1FEA8F006EEF33 /* Release */,
			);
			defaultConfigurationIsVisible = 0;
			defaultConfigurationName = Release;
		};
/* End XCConfigurationList section */
	};
	rootObject = 9537A6631C1FEA8F006EEF33 /* Project object */;
}
